
Microsoft Visual Studio Solution File, Format Version 12.00
# Visual Studio Version 17
VisualStudioVersion = 17.0.32014.148
MinimumVisualStudioVersion = 10.0.40219.1
Project("{9A19103F-16F7-4668-BE54-9A1E7A4F7556}") = "GB-05-03", "GB-05-03\GB-05-03.csproj", "{02E731FD-44EC-45D9-89DB-6A5E2CC1018E}"
EndProject
Project("{9A19103F-16F7-4668-BE54-9A1E7A4F7556}") = "Timesheets", "Timesheets\Timesheets.csproj", "{CA085F72-09EB-46EE-9617-4C6CAEBD9052}"
EndProject
Project("{9A19103F-16F7-4668-BE54-9A1E7A4F7556}") = "Timesheets.BL", "Timesheets.BL\Timesheets.BL.csproj", "{C19315D0-5EEE-4A73-89AF-AC48C7EE824C}"
EndProject
Project("{9A19103F-16F7-4668-BE54-9A1E7A4F7556}") = "Timesheets.DB", "Timesheets.DB\Timesheets.DB.csproj", "{DE1977C9-F39C-481B-8808-4D31DA55CE7C}"
EndProject
Project("{9A19103F-16F7-4668-BE54-9A1E7A4F7556}") = "Timesheets.API", "Timesheets.API\Timesheets.API.csproj", "{32A06EF3-5DB3-4DEF-9E23-4EC643810500}"
EndProject
Project("{9A19103F-16F7-4668-BE54-9A1E7A4F7556}") = "Test", "Test\Test.csproj", "{9138E3D2-6FB9-41AC-816D-33667E29870D}"
EndProject
Project("{9A19103F-16F7-4668-BE54-9A1E7A4F7556}") = "TestAPI", "TestAPI\TestAPI.csproj", "{AC7F8802-07A9-4394-BA64-18482F7638FD}"
EndProject
Project("{FAE04EC0-301F-11D3-BF4B-00C04F79EFBC}") = "Timesheets.API.Swagger", "Timesheets.API.Swagger\Timesheets.API.Swagger.csproj", "{B960AD6F-69F3-4EF0-834A-6728EA493074}"
EndProject
Global
	GlobalSection(SolutionConfigurationPlatforms) = preSolution
		Debug|Any CPU = Debug|Any CPU
		Release|Any CPU = Release|Any CPU
	EndGlobalSection
	GlobalSection(ProjectConfigurationPlatforms) = postSolution
		{02E731FD-44EC-45D9-89DB-6A5E2CC1018E}.Debug|Any CPU.ActiveCfg = Debug|Any CPU
		{02E731FD-44EC-45D9-89DB-6A5E2CC1018E}.Debug|Any CPU.Build.0 = Debug|Any CPU
		{02E731FD-44EC-45D9-89DB-6A5E2CC1018E}.Release|Any CPU.ActiveCfg = Release|Any CPU
		{02E731FD-44EC-45D9-89DB-6A5E2CC1018E}.Release|Any CPU.Build.0 = Release|Any CPU
		{CA085F72-09EB-46EE-9617-4C6CAEBD9052}.Debug|Any CPU.ActiveCfg = Debug|Any CPU
		{CA085F72-09EB-46EE-9617-4C6CAEBD9052}.Debug|Any CPU.Build.0 = Debug|Any CPU
		{CA085F72-09EB-46EE-9617-4C6CAEBD9052}.Release|Any CPU.ActiveCfg = Release|Any CPU
		{CA085F72-09EB-46EE-9617-4C6CAEBD9052}.Release|Any CPU.Build.0 = Release|Any CPU
		{C19315D0-5EEE-4A73-89AF-AC48C7EE824C}.Debug|Any CPU.ActiveCfg = Debug|Any CPU
		{C19315D0-5EEE-4A73-89AF-AC48C7EE824C}.Debug|Any CPU.Build.0 = Debug|Any CPU
		{C19315D0-5EEE-4A73-89AF-AC48C7EE824C}.Release|Any CPU.ActiveCfg = Release|Any CPU
		{C19315D0-5EEE-4A73-89AF-AC48C7EE824C}.Release|Any CPU.Build.0 = Release|Any CPU
		{DE1977C9-F39C-481B-8808-4D31DA55CE7C}.Debug|Any CPU.ActiveCfg = Debug|Any CPU
		{DE1977C9-F39C-481B-8808-4D31DA55CE7C}.Debug|Any CPU.Build.0 = Debug|Any CPU
		{DE1977C9-F39C-481B-8808-4D31DA55CE7C}.Release|Any CPU.ActiveCfg = Release|Any CPU
		{DE1977C9-F39C-481B-8808-4D31DA55CE7C}.Release|Any CPU.Build.0 = Release|Any CPU
		{32A06EF3-5DB3-4DEF-9E23-4EC643810500}.Debug|Any CPU.ActiveCfg = Debug|Any CPU
		{32A06EF3-5DB3-4DEF-9E23-4EC643810500}.Debug|Any CPU.Build.0 = Debug|Any CPU
		{32A06EF3-5DB3-4DEF-9E23-4EC643810500}.Release|Any CPU.ActiveCfg = Release|Any CPU
		{32A06EF3-5DB3-4DEF-9E23-4EC643810500}.Release|Any CPU.Build.0 = Release|Any CPU
		{9138E3D2-6FB9-41AC-816D-33667E29870D}.Debug|Any CPU.ActiveCfg = Debug|Any CPU
		{9138E3D2-6FB9-41AC-816D-33667E29870D}.Debug|Any CPU.Build.0 = Debug|Any CPU
		{9138E3D2-6FB9-41AC-816D-33667E29870D}.Release|Any CPU.ActiveCfg = Release|Any CPU
		{9138E3D2-6FB9-41AC-816D-33667E29870D}.Release|Any CPU.Build.0 = Release|Any CPU
		{AC7F8802-07A9-4394-BA64-18482F7638FD}.Debug|Any CPU.ActiveCfg = Debug|Any CPU
		{AC7F8802-07A9-4394-BA64-18482F7638FD}.Debug|Any CPU.Build.0 = Debug|Any CPU
		{AC7F8802-07A9-4394-BA64-18482F7638FD}.Release|Any CPU.ActiveCfg = Release|Any CPU
		{AC7F8802-07A9-4394-BA64-18482F7638FD}.Release|Any CPU.Build.0 = Release|Any CPU
		{B960AD6F-69F3-4EF0-834A-6728EA493074}.Debug|Any CPU.ActiveCfg = Debug|Any CPU
		{B960AD6F-69F3-4EF0-834A-6728EA493074}.Debug|Any CPU.Build.0 = Debug|Any CPU
		{B960AD6F-69F3-4EF0-834A-6728EA493074}.Release|Any CPU.ActiveCfg = Release|Any CPU
		{B960AD6F-69F3-4EF0-834A-6728EA493074}.Release|Any CPU.Build.0 = Release|Any CPU
	EndGlobalSection
	GlobalSection(SolutionProperties) = preSolution
		HideSolutionNode = FALSE
	EndGlobalSection
	GlobalSection(ExtensibilityGlobals) = postSolution
		SolutionGuid = {823A9DF4-20FC-4ECE-B82F-1803B2036562}
	EndGlobalSection
EndGlobal
